{
  "name": "ng-thermometer",
  "version": "0.0.1",
  "lockfileVersion": 1,
  "requires": true,
  "dependencies": {
    "easing-utils": {
      "version": "0.0.7",
      "resolved": "https://npm.itsdev.net/easing-utils/-/easing-utils-0.0.7.tgz",
      "integrity": "sha1-21a7X1Jv8F/YOlzbNzQ+v5GlsGY="
    }
  }
}
